
Microsoft Visual Studio Solution File, Format Version 12.00
# Visual Studio Version 17
VisualStudioVersion = 17.5.33502.453
MinimumVisualStudioVersion = 10.0.40219.1
Project("{FAE04EC0-301F-11D3-BF4B-00C04F79EFBC}") = "Flous-Bypass", "Flous-Bypass\Flous-Bypass.csproj", "{CA3FF2D8-4B03-4358-9C9D-1AE37C1EFDCD}"
EndProject
Global
	GlobalSection(SolutionConfigurationPlatforms) = preSolution
		Debug|Any CPU = Debug|Any CPU
		Release|Any CPU = Release|Any CPU
	EndGlobalSection
	GlobalSection(ProjectConfigurationPlatforms) = postSolution
		{CA3FF2D8-4B03-4358-9C9D-1AE37C1EFDCD}.Debug|Any CPU.ActiveCfg = Debug|Any CPU
		{CA3FF2D8-4B03-4358-9C9D-1AE37C1EFDCD}.Debug|Any CPU.Build.0 = Debug|Any CPU
		{CA3FF2D8-4B03-4358-9C9D-1AE37C1EFDCD}.Release|Any CPU.ActiveCfg = Release|Any CPU
		{CA3FF2D8-4B03-4358-9C9D-1AE37C1EFDCD}.Release|Any CPU.Build.0 = Release|Any CPU
	EndGlobalSection
	GlobalSection(SolutionProperties) = preSolution
		HideSolutionNode = FALSE
	EndGlobalSection
	GlobalSection(ExtensibilityGlobals) = postSolution
		SolutionGuid = {789F94A7-8E78-4538-8D29-CB2BD18B95F5}
	EndGlobalSection
EndGlobal
